
Microsoft Visual Studio Solution File, Format Version 12.00
# Visual Studio Version 16
VisualStudioVersion = 16.0.31005.135
MinimumVisualStudioVersion = 10.0.40219.1
Project("{FAE04EC0-301F-11D3-BF4B-00C04F79EFBC}") = "MyDictionary", "MyDictionary\MyDictionary.csproj", "{CA87114D-726C-4793-A2CB-0876D39A7E12}"
EndProject
Global
	GlobalSection(SolutionConfigurationPlatforms) = preSolution
		Debug|Any CPU = Debug|Any CPU
		Release|Any CPU = Release|Any CPU
	EndGlobalSection
	GlobalSection(ProjectConfigurationPlatforms) = postSolution
		{CA87114D-726C-4793-A2CB-0876D39A7E12}.Debug|Any CPU.ActiveCfg = Debug|Any CPU
		{CA87114D-726C-4793-A2CB-0876D39A7E12}.Debug|Any CPU.Build.0 = Debug|Any CPU
		{CA87114D-726C-4793-A2CB-0876D39A7E12}.Release|Any CPU.ActiveCfg = Release|Any CPU
		{CA87114D-726C-4793-A2CB-0876D39A7E12}.Release|Any CPU.Build.0 = Release|Any CPU
	EndGlobalSection
	GlobalSection(SolutionProperties) = preSolution
		HideSolutionNode = FALSE
	EndGlobalSection
	GlobalSection(ExtensibilityGlobals) = postSolution
		SolutionGuid = {63FF3497-323F-4FD2-B29D-04DFC35C5D0A}
	EndGlobalSection
EndGlobal
